
Microsoft Visual Studio Solution File, Format Version 12.00
# Visual Studio Version 17
VisualStudioVersion = 17.7.34031.279
MinimumVisualStudioVersion = 10.0.40219.1
Project("{FAE04EC0-301F-11D3-BF4B-00C04F79EFBC}") = "DistortImage", "DistortImage.csproj", "{00864984-722B-4856-AC99-17F4E0EC883D}"
EndProject
Global
	GlobalSection(SolutionConfigurationPlatforms) = preSolution
		Debug|Any CPU = Debug|Any CPU
		Release|Any CPU = Release|Any CPU
	EndGlobalSection
	GlobalSection(ProjectConfigurationPlatforms) = postSolution
		{00864984-722B-4856-AC99-17F4E0EC883D}.Debug|Any CPU.ActiveCfg = Debug|Any CPU
		{00864984-722B-4856-AC99-17F4E0EC883D}.Debug|Any CPU.Build.0 = Debug|Any CPU
		{00864984-722B-4856-AC99-17F4E0EC883D}.Release|Any CPU.ActiveCfg = Release|Any CPU
		{00864984-722B-4856-AC99-17F4E0EC883D}.Release|Any CPU.Build.0 = Release|Any CPU
	EndGlobalSection
	GlobalSection(SolutionProperties) = preSolution
		HideSolutionNode = FALSE
	EndGlobalSection
	GlobalSection(ExtensibilityGlobals) = postSolution
		SolutionGuid = {F7B6F57A-D9F1-4D10-AD53-459531583857}
	EndGlobalSection
EndGlobal
